// !$*UTF8*$!
{
	archiveVersion = 1;
	classes = {
	};
	objectVersion = 46;
	objects = {

/* Begin PBXBuildFile section */
		52AE4F6D1C98A2DA0050E3A5 /* AppDelegate.swift in Sources */ = {isa = PBXBuildFile; fileRef = 52AE4F6C1C98A2DA0050E3A5 /* AppDelegate.swift */; };
		52AE4F6F1C98A2DA0050E3A5 /* ViewController.swift in Sources */ = {isa = PBXBuildFile; fileRef = 52AE4F6E1C98A2DA0050E3A5 /* ViewController.swift */; };
		52AE4F721C98A2DA0050E3A5 /* Main.storyboard in Resources */ = {isa = PBXBuildFile; fileRef = 52AE4F701C98A2DA0050E3A5 /* Main.storyboard */; };
		52AE4F741C98A2DA0050E3A5 /* Assets.xcassets in Resources */ = {isa = PBXBuildFile; fileRef = 52AE4F731C98A2DA0050E3A5 /* Assets.xcassets */; };
		52AE4F771C98A2DA0050E3A5 /* LaunchScreen.storyboard in Resources */ = {isa = PBXBuildFile; fileRef = 52AE4F751C98A2DA0050E3A5 /* LaunchScreen.storyboard */; };
		52AE4F821C98A2DA0050E3A5 /* login_with_facebook_using_swiftTests.swift in Sources */ = {isa = PBXBuildFile; fileRef = 52AE4F811C98A2DA0050E3A5 /* login_with_facebook_using_swiftTests.swift */; };
		52AE4F8D1C98A2DA0050E3A5 /* login_with_facebook_using_swiftUITests.swift in Sources */ = {isa = PBXBuildFile; fileRef = 52AE4F8C1C98A2DA0050E3A5 /* login_with_facebook_using_swiftUITests.swift */; };
/* End PBXBuildFile section */

/* Begin PBXContainerItemProxy section */
		52AE4F7E1C98A2DA0050E3A5 /* PBXContainerItemProxy */ = {
			isa = PBXContainerItemProxy;
			containerPortal = 52AE4F611C98A2DA0050E3A5 /* Project object */;
			proxyType = 1;
			remoteGlobalIDString = 52AE4F681C98A2DA0050E3A5;
			remoteInfo = "login with facebook using swift";
		};
		52AE4F891C98A2DA0050E3A5 /* PBXContainerItemProxy */ = {
			isa = PBXContainerItemProxy;
			containerPortal = 52AE4F611C98A2DA0050E3A5 /* Project object */;
			proxyType = 1;
			remoteGlobalIDString = 52AE4F681C98A2DA0050E3A5;
			remoteInfo = "login with facebook using swift";
		};
/* End PBXContainerItemProxy section */

/* Begin PBXFileReference section */
		52AE4F691C98A2DA0050E3A5 /* login with facebook using swift.app */ = {isa = PBXFileReference; explicitFileType = wrapper.application; includeInIndex = 0; path = "login with facebook using swift.app"; sourceTree = BUILT_PRODUCTS_DIR; };
		52AE4F6C1C98A2DA0050E3A5 /* AppDelegate.swift */ = {isa = PBXFileReference; lastKnownFileType = sourcecode.swift; path = AppDelegate.swift; sourceTree = "<group>"; };
		52AE4F6E1C98A2DA0050E3A5 /* ViewController.swift */ = {isa = PBXFileReference; lastKnownFileType = sourcecode.swift; path = ViewController.swift; sourceTree = "<group>"; };
		52AE4F711C98A2DA0050E3A5 /* Base */ = {isa = PBXFileReference; lastKnownFileType = file.storyboard; name = Base; path = Base.lproj/Main.storyboard; sourceTree = "<group>"; };
		52AE4F731C98A2DA0050E3A5 /* Assets.xcassets */ = {isa = PBXFileReference; lastKnownFileType = folder.assetcatalog; path = Assets.xcassets; sourceTree = "<group>"; };
		52AE4F761C98A2DA0050E3A5 /* Base */ = {isa = PBXFileReference; lastKnownFileType = file.storyboard; name = Base; path = Base.lproj/LaunchScreen.storyboard; sourceTree = "<group>"; };
		52AE4F781C98A2DA0050E3A5 /* Info.plist */ = {isa = PBXFileReference; lastKnownFileType = text.plist.xml; path = Info.plist; sourceTree = "<group>"; };
		52AE4F7D1C98A2DA0050E3A5 /* login with facebook using swiftTests.xctest */ = {isa = PBXFileReference; explicitFileType = wrapper.cfbundle; includeInIndex = 0; path = "login with facebook using swiftTests.xctest"; sourceTree = BUILT_PRODUCTS_DIR; };
		52AE4F811C98A2DA0050E3A5 /* login_with_facebook_using_swiftTests.swift */ = {isa = PBXFileReference; lastKnownFileType = sourcecode.swift; path = login_with_facebook_using_swiftTests.swift; sourceTree = "<group>"; };
		52AE4F831C98A2DA0050E3A5 /* Info.plist */ = {isa = PBXFileReference; lastKnownFileType = text.plist.xml; path = Info.plist; sourceTree = "<group>"; };
		52AE4F881C98A2DA0050E3A5 /* login with facebook using swiftUITests.xctest */ = {isa = PBXFileReference; explicitFileType = wrapper.cfbundle; includeInIndex = 0; path = "login with facebook using swiftUITests.xctest"; sourceTree = BUILT_PRODUCTS_DIR; };
		52AE4F8C1C98A2DA0050E3A5 /* login_with_facebook_using_swiftUITests.swift */ = {isa = PBXFileReference; lastKnownFileType = sourcecode.swift; path = login_with_facebook_using_swiftUITests.swift; sourceTree = "<group>"; };
		52AE4F8E1C98A2DA0050E3A5 /* Info.plist */ = {isa = PBXFileReference; lastKnownFileType = text.plist.xml; path = Info.plist; sourceTree = "<group>"; };
/* End PBXFileReference section */

/* Begin PBXFrameworksBuildPhase section */
		52AE4F661C98A2DA0050E3A5 /* Frameworks */ = {
			isa = PBXFrameworksBuildPhase;
			buildActionMask = 2147483647;
			files = (
			);
			runOnlyForDeploymentPostprocessing = 0;
		};
		52AE4F7A1C98A2DA0050E3A5 /* Frameworks */ = {
			isa = PBXFrameworksBuildPhase;
			buildActionMask = 2147483647;
			files = (
			);
			runOnlyForDeploymentPostprocessing = 0;
		};
		52AE4F851C98A2DA0050E3A5 /* Frameworks */ = {
			isa = PBXFrameworksBuildPhase;
			buildActionMask = 2147483647;
			files = (
			);
			runOnlyForDeploymentPostprocessing = 0;
		};
/* End PBXFrameworksBuildPhase section */

/* Begin PBXGroup section */
		52AE4F601C98A2DA0050E3A5 = {
			isa = PBXGroup;
			children = (
				52AE4F6B1C98A2DA0050E3A5 /* login with facebook using swift */,
				52AE4F801C98A2DA0050E3A5 /* login with facebook using swiftTests */,
				52AE4F8B1C98A2DA0050E3A5 /* login with facebook using swiftUITests */,
				52AE4F6A1C98A2DA0050E3A5 /* Products */,
			);
			sourceTree = "<group>";
		};
		52AE4F6A1C98A2DA0050E3A5 /* Products */ = {
			isa = PBXGroup;
			children = (
				52AE4F691C98A2DA0050E3A5 /* login with facebook using swift.app */,
				52AE4F7D1C98A2DA0050E3A5 /* login with facebook using swiftTests.xctest */,
				52AE4F881C98A2DA0050E3A5 /* login with facebook using swiftUITests.xctest */,
			);
			name = Products;
			sourceTree = "<group>";
		};
		52AE4F6B1C98A2DA0050E3A5 /* login with facebook using swift */ = {
			isa = PBXGroup;
			children = (
				52AE4F6C1C98A2DA0050E3A5 /* AppDelegate.swift */,
				52AE4F6E1C98A2DA0050E3A5 /* ViewController.swift */,
				52AE4F701C98A2DA0050E3A5 /* Main.storyboard */,
				52AE4F731C98A2DA0050E3A5 /* Assets.xcassets */,
				52AE4F751C98A2DA0050E3A5 /* LaunchScreen.storyboard */,
				52AE4F781C98A2DA0050E3A5 /* Info.plist */,
			);
			path = "login with facebook using swift";
			sourceTree = "<group>";
		};
		52AE4F801C98A2DA0050E3A5 /* login with facebook using swiftTests */ = {
			isa = PBXGroup;
			children = (
				52AE4F811C98A2DA0050E3A5 /* login_with_facebook_using_swiftTests.swift */,
				52AE4F831C98A2DA0050E3A5 /* Info.plist */,
			);
			path = "login with facebook using swiftTests";
			sourceTree = "<group>";
		};
		52AE4F8B1C98A2DA0050E3A5 /* login with facebook using swiftUITests */ = {
			isa = PBXGroup;
			children = (
				52AE4F8C1C98A2DA0050E3A5 /* login_with_facebook_using_swiftUITests.swift */,
				52AE4F8E1C98A2DA0050E3A5 /* Info.plist */,
			);
			path = "login with facebook using swiftUITests";
			sourceTree = "<group>";
		};
/* End PBXGroup section */

/* Begin PBXNativeTarget section */
		52AE4F681C98A2DA0050E3A5 /* login with facebook using swift */ = {
			isa = PBXNativeTarget;
			buildConfigurationList = 52AE4F911C98A2DA0050E3A5 /* Build configuration list for PBXNativeTarget "login with facebook using swift" */;
			buildPhases = (
				52AE4F651C98A2DA0050E3A5 /* Sources */,
				52AE4F661C98A2DA0050E3A5 /* Frameworks */,
				52AE4F671C98A2DA0050E3A5 /* Resources */,
			);
			buildRules = (
			);
			dependencies = (
			);
			name = "login with facebook using swift";
			productName = "login with facebook using swift";
			productReference = 52AE4F691C98A2DA0050E3A5 /* login with facebook using swift.app */;
			productType = "com.apple.product-type.application";
		};
		52AE4F7C1C98A2DA0050E3A5 /* login with facebook using swiftTests */ = {
			isa = PBXNativeTarget;
			buildConfigurationList = 52AE4F941C98A2DA0050E3A5 /* Build configuration list for PBXNativeTarget "login with facebook using swiftTests" */;
			buildPhases = (
				52AE4F791C98A2DA0050E3A5 /* Sources */,
				52AE4F7A1C98A2DA0050E3A5 /* Frameworks */,
				52AE4F7B1C98A2DA0050E3A5 /* Resources */,
			);
			buildRules = (
			);
			dependencies = (
				52AE4F7F1C98A2DA0050E3A5 /* PBXTargetDependency */,
			);
			name = "login with facebook using swiftTests";
			productName = "login with facebook using swiftTests";
			productReference = 52AE4F7D1C98A2DA0050E3A5 /* login with facebook using swiftTests.xctest */;
			productType = "com.apple.product-type.bundle.unit-test";
		};
		52AE4F871C98A2DA0050E3A5 /* login with facebook using swiftUITests */ = {
			isa = PBXNativeTarget;
			buildConfigurationList = 52AE4F971C98A2DA0050E3A5 /* Build configuration list for PBXNativeTarget "login with facebook using swiftUITests" */;
			buildPhases = (
				52AE4F841C98A2DA0050E3A5 /* Sources */,
				52AE4F851C98A2DA0050E3A5 /* Frameworks */,
				52AE4F861C98A2DA0050E3A5 /* Resources */,
			);
			buildRules = (
			);
			dependencies = (
				52AE4F8A1C98A2DA0050E3A5 /* PBXTargetDependency */,
			);
			name = "login with facebook using swiftUITests";
			productName = "login with facebook using swiftUITests";
			productReference = 52AE4F881C98A2DA0050E3A5 /* login with facebook using swiftUITests.xctest */;
			productType = "com.apple.product-type.bundle.ui-testing";
		};
/* End PBXNativeTarget section */

/* Begin PBXProject section */
		52AE4F611C98A2DA0050E3A5 /* Project object */ = {
			isa = PBXProject;
			attributes = {
				LastSwiftUpdateCheck = 0720;
				LastUpgradeCheck = 0720;
				ORGANIZATIONNAME = "macbook pro";
				TargetAttributes = {
					52AE4F681C98A2DA0050E3A5 = {
						CreatedOnToolsVersion = 7.2.1;
					};
					52AE4F7C1C98A2DA0050E3A5 = {
						CreatedOnToolsVersion = 7.2.1;
						TestTargetID = 52AE4F681C98A2DA0050E3A5;
					};
					52AE4F871C98A2DA0050E3A5 = {
						CreatedOnToolsVersion = 7.2.1;
						TestTargetID = 52AE4F681C98A2DA0050E3A5;
					};
				};
			};
			buildConfigurationList = 52AE4F641C98A2DA0050E3A5 /* Build configuration list for PBXProject "login with facebook using swift" */;
			compatibilityVersion = "Xcode 3.2";
			developmentRegion = English;
			hasScannedForEncodings = 0;
			knownRegions = (
				en,
				Base,
			);
			mainGroup = 52AE4F601C98A2DA0050E3A5;
			productRefGroup = 52AE4F6A1C98A2DA0050E3A5 /* Products */;
			projectDirPath = "";
			projectRoot = "";
			targets = (
				52AE4F681C98A2DA0050E3A5 /* login with facebook using swift */,
				52AE4F7C1C98A2DA0050E3A5 /* login with facebook using swiftTests */,
				52AE4F871C98A2DA0050E3A5 /* login with facebook using swiftUITests */,
			);
		};
/* End PBXProject section */

/* Begin PBXResourcesBuildPhase section */
		52AE4F671C98A2DA0050E3A5 /* Resources */ = {
			isa = PBXResourcesBuildPhase;
			buildActionMask = 2147483647;
			files = (
				52AE4F771C98A2DA0050E3A5 /* LaunchScreen.storyboard in Resources */,
				52AE4F741C98A2DA0050E3A5 /* Assets.xcassets in Resources */,
				52AE4F721C98A2DA0050E3A5 /* Main.storyboard in Resources */,
			);
			runOnlyForDeploymentPostprocessing = 0;
		};
		52AE4F7B1C98A2DA0050E3A5 /* Resources */ = {
			isa = PBXResourcesBuildPhase;
			buildActionMask = 2147483647;
			files = (
			);
			runOnlyForDeploymentPostprocessing = 0;
		};
		52AE4F861C98A2DA0050E3A5 /* Resources */ = {
			isa = PBXResourcesBuildPhase;
			buildActionMask = 2147483647;
			files = (
			);
			runOnlyForDeploymentPostprocessing = 0;
		};
/* End PBXResourcesBuildPhase section */

/* Begin PBXSourcesBuildPhase section */
		52AE4F651C98A2DA0050E3A5 /* Sources */ = {
			isa = PBXSourcesBuildPhase;
			buildActionMask = 2147483647;
			files = (
				52AE4F6F1C98A2DA0050E3A5 /* ViewController.swift in Sources */,
				52AE4F6D1C98A2DA0050E3A5 /* AppDelegate.swift in Sources */,
			);
			runOnlyForDeploymentPostprocessing = 0;
		};
		52AE4F791C98A2DA0050E3A5 /* Sources */ = {
			isa = PBXSourcesBuildPhase;
			buildActionMask = 2147483647;
			files = (
				52AE4F821C98A2DA0050E3A5 /* login_with_facebook_using_swiftTests.swift in Sources */,
			);
			runOnlyForDeploymentPostprocessing = 0;
		};
		52AE4F841C98A2DA0050E3A5 /* Sources */ = {
			isa = PBXSourcesBuildPhase;
			buildActionMask = 2147483647;
			files = (
				52AE4F8D1C98A2DA0050E3A5 /* login_with_facebook_using_swiftUITests.swift in Sources */,
			);
			runOnlyForDeploymentPostprocessing = 0;
		};
/* End PBXSourcesBuildPhase section */

/* Begin PBXTargetDependency section */
		52AE4F7F1C98A2DA0050E3A5 /* PBXTargetDependency */ = {
			isa = PBXTargetDependency;
			target = 52AE4F681C98A2DA0050E3A5 /* login with facebook using swift */;
			targetProxy = 52AE4F7E1C98A2DA0050E3A5 /* PBXContainerItemProxy */;
		};
		52AE4F8A1C98A2DA0050E3A5 /* PBXTargetDependency */ = {
			isa = PBXTargetDependency;
			target = 52AE4F681C98A2DA0050E3A5 /* login with facebook using swift */;
			targetProxy = 52AE4F891C98A2DA0050E3A5 /* PBXContainerItemProxy */;
		};
/* End PBXTargetDependency section */

/* Begin PBXVariantGroup section */
		52AE4F701C98A2DA0050E3A5 /* Main.storyboard */ = {
			isa = PBXVariantGroup;
			children = (
				52AE4F711C98A2DA0050E3A5 /* Base */,
			);
			name = Main.storyboard;
			sourceTree = "<group>";
		};
		52AE4F751C98A2DA0050E3A5 /* LaunchScreen.storyboard */ = {
			isa = PBXVariantGroup;
			children = (
				52AE4F761C98A2DA0050E3A5 /* Base */,
			);
			name = LaunchScreen.storyboard;
			sourceTree = "<group>";
		};
/* End PBXVariantGroup section */

/* Begin XCBuildConfiguration section */
		52AE4F8F1C98A2DA0050E3A5 /* Debug */ = {
			isa = XCBuildConfiguration;
			buildSettings = {
				ALWAYS_SEARCH_USER_PATHS = NO;
				CLANG_CXX_LANGUAGE_STANDARD = "gnu++0x";
				CLANG_CXX_LIBRARY = "libc++";
				CLANG_ENABLE_MODULES = YES;
				CLANG_ENABLE_OBJC_ARC = YES;
				CLANG_WARN_BOOL_CONVERSION = YES;
				CLANG_WARN_CONSTANT_CONVERSION = YES;
				CLANG_WARN_DIRECT_OBJC_ISA_USAGE = YES_ERROR;
				CLANG_WARN_EMPTY_BODY = YES;
				CLANG_WARN_ENUM_CONVERSION = YES;
				CLANG_WARN_INT_CONVERSION = YES;
				CLANG_WARN_OBJC_ROOT_CLASS = YES_ERROR;
				CLANG_WARN_UNREACHABLE_CODE = YES;
				CLANG_WARN__DUPLICATE_METHOD_MATCH = YES;
				"CODE_SIGN_IDENTITY[sdk=iphoneos*]" = "iPhone Developer";
				COPY_PHASE_STRIP = NO;
				DEBUG_INFORMATION_FORMAT = dwarf;
				ENABLE_STRICT_OBJC_MSGSEND = YES;
				ENABLE_TESTABILITY = YES;
				GCC_C_LANGUAGE_STANDARD = gnu99;
				GCC_DYNAMIC_NO_PIC = NO;
				GCC_NO_COMMON_BLOCKS = YES;
				GCC_OPTIMIZATION_LEVEL = 0;
				GCC_PREPROCESSOR_DEFINITIONS = (
					"DEBUG=1",
					"$(inherited)",
				);
				GCC_WARN_64_TO_32_BIT_CONVERSION = YES;
				GCC_WARN_ABOUT_RETURN_TYPE = YES_ERROR;
				GCC_WARN_UNDECLARED_SELECTOR = YES;
				GCC_WARN_UNINITIALIZED_AUTOS = YES_AGGRESSIVE;
				GCC_WARN_UNUSED_FUNCTION = YES;
				GCC_WARN_UNUSED_VARIABLE = YES;
				IPHONEOS_DEPLOYMENT_TARGET = 9.2;
				MTL_ENABLE_DEBUG_INFO = YES;
				ONLY_ACTIVE_ARCH = YES;
				SDKROOT = iphoneos;
				SWIFT_OPTIMIZATION_LEVEL = "-Onone";
			};
			name = Debug;
		};
		52AE4F901C98A2DA0050E3A5 /* Release */ = {
			isa = XCBuildConfiguration;
			buildSettings = {
				ALWAYS_SEARCH_USER_PATHS = NO;
				CLANG_CXX_LANGUAGE_STANDARD = "gnu++0x";
				CLANG_CXX_LIBRARY = "libc++";
				CLANG_ENABLE_MODULES = YES;
				CLANG_ENABLE_OBJC_ARC = YES;
				CLANG_WARN_BOOL_CONVERSION = YES;
				CLANG_WARN_CONSTANT_CONVERSION = YES;
				CLANG_WARN_DIRECT_OBJC_ISA_USAGE = YES_ERROR;
				CLANG_WARN_EMPTY_BODY = YES;
				CLANG_WARN_ENUM_CONVERSION = YES;
				CLANG_WARN_INT_CONVERSION = YES;
				CLANG_WARN_OBJC_ROOT_CLASS = YES_ERROR;
				CLANG_WARN_UNREACHABLE_CODE = YES;
				CLANG_WARN__DUPLICATE_METHOD_MATCH = YES;
				"CODE_SIGN_IDENTITY[sdk=iphoneos*]" = "iPhone Developer";
				COPY_PHASE_STRIP = NO;
				DEBUG_INFORMATION_FORMAT = "dwarf-with-dsym";
				ENABLE_NS_ASSERTIONS = NO;
				ENABLE_STRICT_OBJC_MSGSEND = YES;
				GCC_C_LANGUAGE_STANDARD = gnu99;
				GCC_NO_COMMON_BLOCKS = YES;
				GCC_WARN_64_TO_32_BIT_CONVERSION = YES;
				GCC_WARN_ABOUT_RETURN_TYPE = YES_ERROR;
				GCC_WARN_UNDECLARED_SELECTOR = YES;
				GCC_WARN_UNINITIALIZED_AUTOS = YES_AGGRESSIVE;
				GCC_WARN_UNUSED_FUNCTION = YES;
				GCC_WARN_UNUSED_VARIABLE = YES;
				IPHONEOS_DEPLOYMENT_TARGET = 9.2;
				MTL_ENABLE_DEBUG_INFO = NO;
				SDKROOT = iphoneos;
				VALIDATE_PRODUCT = YES;
			};
			name = Release;
		};
		52AE4F921C98A2DA0050E3A5 /* Debug */ = {
			isa = XCBuildConfiguration;
			buildSettings = {
				ASSETCATALOG_COMPILER_APPICON_NAME = AppIcon;
				INFOPLIST_FILE = "login with facebook using swift/Info.plist";
				LD_RUNPATH_SEARCH_PATHS = "$(inherited) @executable_path/Frameworks";
				PRODUCT_BUNDLE_IDENTIFIER = "vtech.login-with-facebook-using-swift";
				PRODUCT_NAME = "$(TARGET_NAME)";
			};
			name = Debug;
		};
		52AE4F931C98A2DA0050E3A5 /* Release */ = {
			isa = XCBuildConfiguration;
			buildSettings = {
				ASSETCATALOG_COMPILER_APPICON_NAME = AppIcon;
				INFOPLIST_FILE = "login with facebook using swift/Info.plist";
				LD_RUNPATH_SEARCH_PATHS = "$(inherited) @executable_path/Frameworks";
				PRODUCT_BUNDLE_IDENTIFIER = "vtech.login-with-facebook-using-swift";
				PRODUCT_NAME = "$(TARGET_NAME)";
			};
			name = Release;
		};
		52AE4F951C98A2DA0050E3A5 /* Debug */ = {
			isa = XCBuildConfiguration;
			buildSettings = {
				BUNDLE_LOADER = "$(TEST_HOST)";
				INFOPLIST_FILE = "login with facebook using swiftTests/Info.plist";
				LD_RUNPATH_SEARCH_PATHS = "$(inherited) @executable_path/Frameworks @loader_path/Frameworks";
				PRODUCT_BUNDLE_IDENTIFIER = "vtech.login-with-facebook-using-swiftTests";
				PRODUCT_NAME = "$(TARGET_NAME)";
				TEST_HOST = "$(BUILT_PRODUCTS_DIR)/login with facebook using swift.app/login with facebook using swift";
			};
			name = Debug;
		};
		52AE4F961C98A2DA0050E3A5 /* Release */ = {
			isa = XCBuildConfiguration;
			buildSettings = {
				BUNDLE_LOADER = "$(TEST_HOST)";
				INFOPLIST_FILE = "login with facebook using swiftTests/Info.plist";
				LD_RUNPATH_SEARCH_PATHS = "$(inherited) @executable_path/Frameworks @loader_path/Frameworks";
				PRODUCT_BUNDLE_IDENTIFIER = "vtech.login-with-facebook-using-swiftTests";
				PRODUCT_NAME = "$(TARGET_NAME)";
				TEST_HOST = "$(BUILT_PRODUCTS_DIR)/login with facebook using swift.app/login with facebook using swift";
			};
			name = Release;
		};
		52AE4F981C98A2DA0050E3A5 /* Debug */ = {
			isa = XCBuildConfiguration;
			buildSettings = {
				INFOPLIST_FILE = "login with facebook using swiftUITests/Info.plist";
				LD_RUNPATH_SEARCH_PATHS = "$(inherited) @executable_path/Frameworks @loader_path/Frameworks";
				PRODUCT_BUNDLE_IDENTIFIER = "vtech.login-with-facebook-using-swiftUITests";
				PRODUCT_NAME = "$(TARGET_NAME)";
				TEST_TARGET_NAME = "login with facebook using swift";
				USES_XCTRUNNER = YES;
			};
			name = Debug;
		};
		52AE4F991C98A2DA0050E3A5 /* Release */ = {
			isa = XCBuildConfiguration;
			buildSettings = {
				INFOPLIST_FILE = "login with facebook using swiftUITests/Info.plist";
				LD_RUNPATH_SEARCH_PATHS = "$(inherited) @executable_path/Frameworks @loader_path/Frameworks";
				PRODUCT_BUNDLE_IDENTIFIER = "vtech.login-with-facebook-using-swiftUITests";
				PRODUCT_NAME = "$(TARGET_NAME)";
				TEST_TARGET_NAME = "login with facebook using swift";
				USES_XCTRUNNER = YES;
			};
			name = Release;
		};
/* End XCBuildConfiguration section */

/* Begin XCConfigurationList section */
		52AE4F641C98A2DA0050E3A5 /* Build configuration list for PBXProject "login with facebook using swift" */ = {
			isa = XCConfigurationList;
			buildConfigurations = (
				52AE4F8F1C98A2DA0050E3A5 /* Debug */,
				52AE4F901C98A2DA0050E3A5 /* Release */,
			);
			defaultConfigurationIsVisible = 0;
			defaultConfigurationName = Release;
		};
		52AE4F911C98A2DA0050E3A5 /* Build configuration list for PBXNativeTarget "login with facebook using swift" */ = {
			isa = XCConfigurationList;
			buildConfigurations = (
				52AE4F921C98A2DA0050E3A5 /* Debug */,
				52AE4F931C98A2DA0050E3A5 /* Release */,
			);
			defaultConfigurationIsVisible = 0;
		};
		52AE4F941C98A2DA0050E3A5 /* Build configuration list for PBXNativeTarget "login with facebook using swiftTests" */ = {
			isa = XCConfigurationList;
			buildConfigurations = (
				52AE4F951C98A2DA0050E3A5 /* Debug */,
				52AE4F961C98A2DA0050E3A5 /* Release */,
			);
			defaultConfigurationIsVisible = 0;
		};
		52AE4F971C98A2DA0050E3A5 /* Build configuration list for PBXNativeTarget "login with facebook using swiftUITests" */ = {
			isa = XCConfigurationList;
			buildConfigurations = (
				52AE4F981C98A2DA0050E3A5 /* Debug */,
				52AE4F991C98A2DA0050E3A5 /* Release */,
			);
			defaultConfigurationIsVisible = 0;
		};
/* End XCConfigurationList section */
	};
	rootObject = 52AE4F611C98A2DA0050E3A5 /* Project object */;
}
